// !$*UTF8*$!
{
	archiveVersion = 1;
	classes = {
	};
	objectVersion = 51;
	objects = {

/* Begin PBXBuildFile section */
		B78B46C6C7C68F6AECCEE986 /* Pods_Todoey.framework in Frameworks */ = {isa = PBXBuildFile; fileRef = 8572C92D8952E83A4C521FA6 /* Pods_Todoey.framework */; };
		E90D59B122DCA5A300802E56 /* SwipeTableViewController.swift in Sources */ = {isa = PBXBuildFile; fileRef = E90D59B022DCA5A300802E56 /* SwipeTableViewController.swift */; };
		E973A68622CB8CF200A27187 /* AppDelegate.swift in Sources */ = {isa = PBXBuildFile; fileRef = E973A68522CB8CF200A27187 /* AppDelegate.swift */; };
		E973A68822CB8CF200A27187 /* ToDoListViewController.swift in Sources */ = {isa = PBXBuildFile; fileRef = E973A68722CB8CF200A27187 /* ToDoListViewController.swift */; };
		E973A68B22CB8CF200A27187 /* Main.storyboard in Resources */ = {isa = PBXBuildFile; fileRef = E973A68922CB8CF200A27187 /* Main.storyboard */; };
		E973A68D22CB8CF300A27187 /* Assets.xcassets in Resources */ = {isa = PBXBuildFile; fileRef = E973A68C22CB8CF300A27187 /* Assets.xcassets */; };
		E973A69022CB8CF300A27187 /* LaunchScreen.storyboard in Resources */ = {isa = PBXBuildFile; fileRef = E973A68E22CB8CF300A27187 /* LaunchScreen.storyboard */; };
		E9A5521022D36E35009D556F /* CategoryViewController.swift in Sources */ = {isa = PBXBuildFile; fileRef = E9A5520F22D36E35009D556F /* CategoryViewController.swift */; };
		E9D111F522D78037003C2C40 /* Item.swift in Sources */ = {isa = PBXBuildFile; fileRef = E9D111F422D78037003C2C40 /* Item.swift */; };
		E9D111F722D7804C003C2C40 /* Category.swift in Sources */ = {isa = PBXBuildFile; fileRef = E9D111F622D7804C003C2C40 /* Category.swift */; };
/* End PBXBuildFile section */

/* Begin PBXFileReference section */
		8572C92D8952E83A4C521FA6 /* Pods_Todoey.framework */ = {isa = PBXFileReference; explicitFileType = wrapper.framework; includeInIndex = 0; path = Pods_Todoey.framework; sourceTree = BUILT_PRODUCTS_DIR; };
		9ECF7608E1DEC645CB2D6D53 /* Pods-Todoey.release.xcconfig */ = {isa = PBXFileReference; includeInIndex = 1; lastKnownFileType = text.xcconfig; name = "Pods-Todoey.release.xcconfig"; path = "Target Support Files/Pods-Todoey/Pods-Todoey.release.xcconfig"; sourceTree = "<group>"; };
		DD4A02FB0EB4C885206ED324 /* Pods-Todoey.debug.xcconfig */ = {isa = PBXFileReference; includeInIndex = 1; lastKnownFileType = text.xcconfig; name = "Pods-Todoey.debug.xcconfig"; path = "Target Support Files/Pods-Todoey/Pods-Todoey.debug.xcconfig"; sourceTree = "<group>"; };
		E90D59B022DCA5A300802E56 /* SwipeTableViewController.swift */ = {isa = PBXFileReference; lastKnownFileType = sourcecode.swift; path = SwipeTableViewController.swift; sourceTree = "<group>"; };
		E973A68222CB8CF200A27187 /* Todoey.app */ = {isa = PBXFileReference; explicitFileType = wrapper.application; includeInIndex = 0; path = Todoey.app; sourceTree = BUILT_PRODUCTS_DIR; };
		E973A68522CB8CF200A27187 /* AppDelegate.swift */ = {isa = PBXFileReference; lastKnownFileType = sourcecode.swift; path = AppDelegate.swift; sourceTree = "<group>"; };
		E973A68722CB8CF200A27187 /* ToDoListViewController.swift */ = {isa = PBXFileReference; lastKnownFileType = sourcecode.swift; path = ToDoListViewController.swift; sourceTree = "<group>"; };
		E973A68A22CB8CF200A27187 /* Base */ = {isa = PBXFileReference; lastKnownFileType = file.storyboard; name = Base; path = Base.lproj/Main.storyboard; sourceTree = "<group>"; };
		E973A68C22CB8CF300A27187 /* Assets.xcassets */ = {isa = PBXFileReference; lastKnownFileType = folder.assetcatalog; path = Assets.xcassets; sourceTree = "<group>"; };
		E973A68F22CB8CF300A27187 /* Base */ = {isa = PBXFileReference; lastKnownFileType = file.storyboard; name = Base; path = Base.lproj/LaunchScreen.storyboard; sourceTree = "<group>"; };
		E973A69122CB8CF300A27187 /* Info.plist */ = {isa = PBXFileReference; lastKnownFileType = text.plist.xml; path = Info.plist; sourceTree = "<group>"; };
		E9A5520F22D36E35009D556F /* CategoryViewController.swift */ = {isa = PBXFileReference; lastKnownFileType = sourcecode.swift; path = CategoryViewController.swift; sourceTree = "<group>"; };
		E9D111F422D78037003C2C40 /* Item.swift */ = {isa = PBXFileReference; lastKnownFileType = sourcecode.swift; path = Item.swift; sourceTree = "<group>"; };
		E9D111F622D7804C003C2C40 /* Category.swift */ = {isa = PBXFileReference; lastKnownFileType = sourcecode.swift; path = Category.swift; sourceTree = "<group>"; };
/* End PBXFileReference section */

/* Begin PBXFrameworksBuildPhase section */
		E973A67F22CB8CF200A27187 /* Frameworks */ = {
			isa = PBXFrameworksBuildPhase;
			buildActionMask = 2147483647;
			files = (
				B78B46C6C7C68F6AECCEE986 /* Pods_Todoey.framework in Frameworks */,
			);
			runOnlyForDeploymentPostprocessing = 0;
		};
/* End PBXFrameworksBuildPhase section */

/* Begin PBXGroup section */
		1D895158E688E5471789C40F /* Pods */ = {
			isa = PBXGroup;
			children = (
				DD4A02FB0EB4C885206ED324 /* Pods-Todoey.debug.xcconfig */,
				9ECF7608E1DEC645CB2D6D53 /* Pods-Todoey.release.xcconfig */,
			);
			path = Pods;
			sourceTree = "<group>";
		};
		5113A37EFE47CD619AC39AE7 /* Frameworks */ = {
			isa = PBXGroup;
			children = (
				8572C92D8952E83A4C521FA6 /* Pods_Todoey.framework */,
			);
			name = Frameworks;
			sourceTree = "<group>";
		};
		E973A67922CB8CF200A27187 = {
			isa = PBXGroup;
			children = (
				E973A68422CB8CF200A27187 /* Todoey */,
				E973A68322CB8CF200A27187 /* Products */,
				1D895158E688E5471789C40F /* Pods */,
				5113A37EFE47CD619AC39AE7 /* Frameworks */,
			);
			sourceTree = "<group>";
		};
		E973A68322CB8CF200A27187 /* Products */ = {
			isa = PBXGroup;
			children = (
				E973A68222CB8CF200A27187 /* Todoey.app */,
			);
			name = Products;
			sourceTree = "<group>";
		};
		E973A68422CB8CF200A27187 /* Todoey */ = {
			isa = PBXGroup;
			children = (
				E973A68522CB8CF200A27187 /* AppDelegate.swift */,
				E973A6CD22CD014C00A27187 /* Controllers */,
				E973A6CC22CD013200A27187 /* Data Model */,
				E973A6CE22CD015A00A27187 /* Views */,
				E973A6CF22CD017100A27187 /* Supporting Files */,
				E973A69122CB8CF300A27187 /* Info.plist */,
			);
			path = Todoey;
			sourceTree = "<group>";
		};
		E973A6CC22CD013200A27187 /* Data Model */ = {
			isa = PBXGroup;
			children = (
				E9D111F622D7804C003C2C40 /* Category.swift */,
				E9D111F422D78037003C2C40 /* Item.swift */,
			);
			path = "Data Model";
			sourceTree = "<group>";
		};
		E973A6CD22CD014C00A27187 /* Controllers */ = {
			isa = PBXGroup;
			children = (
				E9A5520F22D36E35009D556F /* CategoryViewController.swift */,
				E973A68722CB8CF200A27187 /* ToDoListViewController.swift */,
				E90D59B022DCA5A300802E56 /* SwipeTableViewController.swift */,
			);
			path = Controllers;
			sourceTree = "<group>";
		};
		E973A6CE22CD015A00A27187 /* Views */ = {
			isa = PBXGroup;
			children = (
				E973A68922CB8CF200A27187 /* Main.storyboard */,
			);
			path = Views;
			sourceTree = "<group>";
		};
		E973A6CF22CD017100A27187 /* Supporting Files */ = {
			isa = PBXGroup;
			children = (
				E973A68C22CB8CF300A27187 /* Assets.xcassets */,
				E973A68E22CB8CF300A27187 /* LaunchScreen.storyboard */,
			);
			path = "Supporting Files";
			sourceTree = "<group>";
		};
/* End PBXGroup section */

/* Begin PBXNativeTarget section */
		E973A68122CB8CF200A27187 /* Todoey */ = {
			isa = PBXNativeTarget;
			buildConfigurationList = E973A69422CB8CF300A27187 /* Build configuration list for PBXNativeTarget "Todoey" */;
			buildPhases = (
				852466F3700CE04184968FAD /* [CP] Check Pods Manifest.lock */,
				E973A67E22CB8CF200A27187 /* Sources */,
				E973A67F22CB8CF200A27187 /* Frameworks */,
				E973A68022CB8CF200A27187 /* Resources */,
				FA9F0A10551F7238B6995BE2 /* [CP] Embed Pods Frameworks */,
			);
			buildRules = (
			);
			dependencies = (
			);
			name = Todoey;
			productName = Todoey;
			productReference = E973A68222CB8CF200A27187 /* Todoey.app */;
			productType = "com.apple.product-type.application";
		};
/* End PBXNativeTarget section */

/* Begin PBXProject section */
		E973A67A22CB8CF200A27187 /* Project object */ = {
			isa = PBXProject;
			attributes = {
				LastSwiftUpdateCheck = 1020;
				LastUpgradeCheck = 1020;
				ORGANIZATIONNAME = Pavel;
				TargetAttributes = {
					E973A68122CB8CF200A27187 = {
						CreatedOnToolsVersion = 10.2.1;
					};
				};
			};
			buildConfigurationList = E973A67D22CB8CF200A27187 /* Build configuration list for PBXProject "Todoey" */;
			compatibilityVersion = "Xcode 9.3";
			developmentRegion = en;
			hasScannedForEncodings = 0;
			knownRegions = (
				en,
				Base,
			);
			mainGroup = E973A67922CB8CF200A27187;
			productRefGroup = E973A68322CB8CF200A27187 /* Products */;
			projectDirPath = "";
			projectRoot = "";
			targets = (
				E973A68122CB8CF200A27187 /* Todoey */,
			);
		};
/* End PBXProject section */

/* Begin PBXResourcesBuildPhase section */
		E973A68022CB8CF200A27187 /* Resources */ = {
			isa = PBXResourcesBuildPhase;
			buildActionMask = 2147483647;
			files = (
				E973A69022CB8CF300A27187 /* LaunchScreen.storyboard in Resources */,
				E973A68D22CB8CF300A27187 /* Assets.xcassets in Resources */,
				E973A68B22CB8CF200A27187 /* Main.storyboard in Resources */,
			);
			runOnlyForDeploymentPostprocessing = 0;
		};
/* End PBXResourcesBuildPhase section */

/* Begin PBXShellScriptBuildPhase section */
		852466F3700CE04184968FAD /* [CP] Check Pods Manifest.lock */ = {
			isa = PBXShellScriptBuildPhase;
			buildActionMask = 2147483647;
			files = (
			);
			inputFileListPaths = (
			);
			inputPaths = (
				"${PODS_PODFILE_DIR_PATH}/Podfile.lock",
				"${PODS_ROOT}/Manifest.lock",
			);
			name = "[CP] Check Pods Manifest.lock";
			outputFileListPaths = (
			);
			outputPaths = (
				"$(DERIVED_FILE_DIR)/Pods-Todoey-checkManifestLockResult.txt",
			);
			runOnlyForDeploymentPostprocessing = 0;
			shellPath = /bin/sh;
			shellScript = "diff \"${PODS_PODFILE_DIR_PATH}/Podfile.lock\" \"${PODS_ROOT}/Manifest.lock\" > /dev/null\nif [ $? != 0 ] ; then\n    # print error to STDERR\n    echo \"error: The sandbox is not in sync with the Podfile.lock. Run 'pod install' or update your CocoaPods installation.\" >&2\n    exit 1\nfi\n# This output is used by Xcode 'outputs' to avoid re-running this script phase.\necho \"SUCCESS\" > \"${SCRIPT_OUTPUT_FILE_0}\"\n";
			showEnvVarsInLog = 0;
		};
		FA9F0A10551F7238B6995BE2 /* [CP] Embed Pods Frameworks */ = {
			isa = PBXShellScriptBuildPhase;
			buildActionMask = 2147483647;
			files = (
			);
			inputFileListPaths = (
				"${PODS_ROOT}/Target Support Files/Pods-Todoey/Pods-Todoey-frameworks-${CONFIGURATION}-input-files.xcfilelist",
			);
			name = "[CP] Embed Pods Frameworks";
			outputFileListPaths = (
				"${PODS_ROOT}/Target Support Files/Pods-Todoey/Pods-Todoey-frameworks-${CONFIGURATION}-output-files.xcfilelist",
			);
			runOnlyForDeploymentPostprocessing = 0;
			shellPath = /bin/sh;
			shellScript = "\"${PODS_ROOT}/Target Support Files/Pods-Todoey/Pods-Todoey-frameworks.sh\"\n";
			showEnvVarsInLog = 0;
		};
/* End PBXShellScriptBuildPhase section */

/* Begin PBXSourcesBuildPhase section */
		E973A67E22CB8CF200A27187 /* Sources */ = {
			isa = PBXSourcesBuildPhase;
			buildActionMask = 2147483647;
			files = (
				E9D111F522D78037003C2C40 /* Item.swift in Sources */,
				E9A5521022D36E35009D556F /* CategoryViewController.swift in Sources */,
				E973A68822CB8CF200A27187 /* ToDoListViewController.swift in Sources */,
				E973A68622CB8CF200A27187 /* AppDelegate.swift in Sources */,
				E90D59B122DCA5A300802E56 /* SwipeTableViewController.swift in Sources */,
				E9D111F722D7804C003C2C40 /* Category.swift in Sources */,
			);
			runOnlyForDeploymentPostprocessing = 0;
		};
/* End PBXSourcesBuildPhase section */

/* Begin PBXVariantGroup section */
		E973A68922CB8CF200A27187 /* Main.storyboard */ = {
			isa = PBXVariantGroup;
			children = (
				E973A68A22CB8CF200A27187 /* Base */,
			);
			name = Main.storyboard;
			sourceTree = "<group>";
		};
		E973A68E22CB8CF300A27187 /* LaunchScreen.storyboard */ = {
			isa = PBXVariantGroup;
			children = (
				E973A68F22CB8CF300A27187 /* Base */,
			);
			name = LaunchScreen.storyboard;
			sourceTree = "<group>";
		};
/* End PBXVariantGroup section */

/* Begin XCBuildConfiguration section */
		E973A69222CB8CF300A27187 /* Debug */ = {
			isa = XCBuildConfiguration;
			buildSettings = {
				ALWAYS_SEARCH_USER_PATHS = NO;
				CLANG_ANALYZER_NONNULL = YES;
				CLANG_ANALYZER_NUMBER_OBJECT_CONVERSION = YES_AGGRESSIVE;
				CLANG_CXX_LANGUAGE_STANDARD = "gnu++14";
				CLANG_CXX_LIBRARY = "libc++";
				CLANG_ENABLE_MODULES = YES;
				CLANG_ENABLE_OBJC_ARC = YES;
				CLANG_ENABLE_OBJC_WEAK = YES;
				CLANG_WARN_BLOCK_CAPTURE_AUTORELEASING = YES;
				CLANG_WARN_BOOL_CONVERSION = YES;
				CLANG_WARN_COMMA = YES;
				CLANG_WARN_CONSTANT_CONVERSION = YES;
				CLANG_WARN_DEPRECATED_OBJC_IMPLEMENTATIONS = YES;
				CLANG_WARN_DIRECT_OBJC_ISA_USAGE = YES_ERROR;
				CLANG_WARN_DOCUMENTATION_COMMENTS = YES;
				CLANG_WARN_EMPTY_BODY = YES;
				CLANG_WARN_ENUM_CONVERSION = YES;
				CLANG_WARN_INFINITE_RECURSION = YES;
				CLANG_WARN_INT_CONVERSION = YES;
				CLANG_WARN_NON_LITERAL_NULL_CONVERSION = YES;
				CLANG_WARN_OBJC_IMPLICIT_RETAIN_SELF = YES;
				CLANG_WARN_OBJC_LITERAL_CONVERSION = YES;
				CLANG_WARN_OBJC_ROOT_CLASS = YES_ERROR;
				CLANG_WARN_RANGE_LOOP_ANALYSIS = YES;
				CLANG_WARN_STRICT_PROTOTYPES = YES;
				CLANG_WARN_SUSPICIOUS_MOVE = YES;
				CLANG_WARN_UNGUARDED_AVAILABILITY = YES_AGGRESSIVE;
				CLANG_WARN_UNREACHABLE_CODE = YES;
				CLANG_WARN__DUPLICATE_METHOD_MATCH = YES;
				CODE_SIGN_IDENTITY = "iPhone Developer";
				COPY_PHASE_STRIP = NO;
				DEBUG_INFORMATION_FORMAT = dwarf;
				ENABLE_STRICT_OBJC_MSGSEND = YES;
				ENABLE_TESTABILITY = YES;
				GCC_C_LANGUAGE_STANDARD = gnu11;
				GCC_DYNAMIC_NO_PIC = NO;
				GCC_NO_COMMON_BLOCKS = YES;
				GCC_OPTIMIZATION_LEVEL = 0;
				GCC_PREPROCESSOR_DEFINITIONS = (
					"DEBUG=1",
					"$(inherited)",
				);
				GCC_WARN_64_TO_32_BIT_CONVERSION = YES;
				GCC_WARN_ABOUT_RETURN_TYPE = YES_ERROR;
				GCC_WARN_UNDECLARED_SELECTOR = YES;
				GCC_WARN_UNINITIALIZED_AUTOS = YES_AGGRESSIVE;
				GCC_WARN_UNUSED_FUNCTION = YES;
				GCC_WARN_UNUSED_VARIABLE = YES;
				IPHONEOS_DEPLOYMENT_TARGET = 12.2;
				MTL_ENABLE_DEBUG_INFO = INCLUDE_SOURCE;
				MTL_FAST_MATH = YES;
				ONLY_ACTIVE_ARCH = YES;
				SDKROOT = iphoneos;
				SWIFT_ACTIVE_COMPILATION_CONDITIONS = DEBUG;
				SWIFT_OPTIMIZATION_LEVEL = "-Onone";
			};
			name = Debug;
		};
		E973A69322CB8CF300A27187 /* Release */ = {
			isa = XCBuildConfiguration;
			buildSettings = {
				ALWAYS_SEARCH_USER_PATHS = NO;
				CLANG_ANALYZER_NONNULL = YES;
				CLANG_ANALYZER_NUMBER_OBJECT_CONVERSION = YES_AGGRESSIVE;
				CLANG_CXX_LANGUAGE_STANDARD = "gnu++14";
				CLANG_CXX_LIBRARY = "libc++";
				CLANG_ENABLE_MODULES = YES;
				CLANG_ENABLE_OBJC_ARC = YES;
				CLANG_ENABLE_OBJC_WEAK = YES;
				CLANG_WARN_BLOCK_CAPTURE_AUTORELEASING = YES;
				CLANG_WARN_BOOL_CONVERSION = YES;
				CLANG_WARN_COMMA = YES;
				CLANG_WARN_CONSTANT_CONVERSION = YES;
				CLANG_WARN_DEPRECATED_OBJC_IMPLEMENTATIONS = YES;
				CLANG_WARN_DIRECT_OBJC_ISA_USAGE = YES_ERROR;
				CLANG_WARN_DOCUMENTATION_COMMENTS = YES;
				CLANG_WARN_EMPTY_BODY = YES;
				CLANG_WARN_ENUM_CONVERSION = YES;
				CLANG_WARN_INFINITE_RECURSION = YES;
				CLANG_WARN_INT_CONVERSION = YES;
				CLANG_WARN_NON_LITERAL_NULL_CONVERSION = YES;
				CLANG_WARN_OBJC_IMPLICIT_RETAIN_SELF = YES;
				CLANG_WARN_OBJC_LITERAL_CONVERSION = YES;
				CLANG_WARN_OBJC_ROOT_CLASS = YES_ERROR;
				CLANG_WARN_RANGE_LOOP_ANALYSIS = YES;
				CLANG_WARN_STRICT_PROTOTYPES = YES;
				CLANG_WARN_SUSPICIOUS_MOVE = YES;
				CLANG_WARN_UNGUARDED_AVAILABILITY = YES_AGGRESSIVE;
				CLANG_WARN_UNREACHABLE_CODE = YES;
				CLANG_WARN__DUPLICATE_METHOD_MATCH = YES;
				CODE_SIGN_IDENTITY = "iPhone Developer";
				COPY_PHASE_STRIP = NO;
				DEBUG_INFORMATION_FORMAT = "dwarf-with-dsym";
				ENABLE_NS_ASSERTIONS = NO;
				ENABLE_STRICT_OBJC_MSGSEND = YES;
				GCC_C_LANGUAGE_STANDARD = gnu11;
				GCC_NO_COMMON_BLOCKS = YES;
				GCC_WARN_64_TO_32_BIT_CONVERSION = YES;
				GCC_WARN_ABOUT_RETURN_TYPE = YES_ERROR;
				GCC_WARN_UNDECLARED_SELECTOR = YES;
				GCC_WARN_UNINITIALIZED_AUTOS = YES_AGGRESSIVE;
				GCC_WARN_UNUSED_FUNCTION = YES;
				GCC_WARN_UNUSED_VARIABLE = YES;
				IPHONEOS_DEPLOYMENT_TARGET = 12.2;
				MTL_ENABLE_DEBUG_INFO = NO;
				MTL_FAST_MATH = YES;
				SDKROOT = iphoneos;
				SWIFT_COMPILATION_MODE = wholemodule;
				SWIFT_OPTIMIZATION_LEVEL = "-O";
				VALIDATE_PRODUCT = YES;
			};
			name = Release;
		};
		E973A69522CB8CF300A27187 /* Debug */ = {
			isa = XCBuildConfiguration;
			baseConfigurationReference = DD4A02FB0EB4C885206ED324 /* Pods-Todoey.debug.xcconfig */;
			buildSettings = {
				ASSETCATALOG_COMPILER_APPICON_NAME = AppIcon;
				CODE_SIGN_STYLE = Automatic;
				DEVELOPMENT_TEAM = 7N85FGYSCJ;
				INFOPLIST_FILE = Todoey/Info.plist;
				LD_RUNPATH_SEARCH_PATHS = (
					"$(inherited)",
					"@executable_path/Frameworks",
				);
				PRODUCT_BUNDLE_IDENTIFIER = com.pavel.mikhaylov.Todoey;
				PRODUCT_NAME = "$(TARGET_NAME)";
				SWIFT_VERSION = 5.0;
				TARGETED_DEVICE_FAMILY = "1,2";
			};
			name = Debug;
		};
		E973A69622CB8CF300A27187 /* Release */ = {
			isa = XCBuildConfiguration;
			baseConfigurationReference = 9ECF7608E1DEC645CB2D6D53 /* Pods-Todoey.release.xcconfig */;
			buildSettings = {
				ASSETCATALOG_COMPILER_APPICON_NAME = AppIcon;
				CODE_SIGN_STYLE = Automatic;
				DEVELOPMENT_TEAM = 7N85FGYSCJ;
				INFOPLIST_FILE = Todoey/Info.plist;
				LD_RUNPATH_SEARCH_PATHS = (
					"$(inherited)",
					"@executable_path/Frameworks",
				);
				PRODUCT_BUNDLE_IDENTIFIER = com.pavel.mikhaylov.Todoey;
				PRODUCT_NAME = "$(TARGET_NAME)";
				SWIFT_VERSION = 5.0;
				TARGETED_DEVICE_FAMILY = "1,2";
			};
			name = Release;
		};
/* End XCBuildConfiguration section */

/* Begin XCConfigurationList section */
		E973A67D22CB8CF200A27187 /* Build configuration list for PBXProject "Todoey" */ = {
			isa = XCConfigurationList;
			buildConfigurations = (
				E973A69222CB8CF300A27187 /* Debug */,
				E973A69322CB8CF300A27187 /* Release */,
			);
			defaultConfigurationIsVisible = 0;
			defaultConfigurationName = Release;
		};
		E973A69422CB8CF300A27187 /* Build configuration list for PBXNativeTarget "Todoey" */ = {
			isa = XCConfigurationList;
			buildConfigurations = (
				E973A69522CB8CF300A27187 /* Debug */,
				E973A69622CB8CF300A27187 /* Release */,
			);
			defaultConfigurationIsVisible = 0;
			defaultConfigurationName = Release;
		};
/* End XCConfigurationList section */
	};
	rootObject = E973A67A22CB8CF200A27187 /* Project object */;
}
